{
  "name": "my-map",
  "lockfileVersion": 2,
  "requires": true,
  "packages": {
    "": {
      "dependencies": {
        "@workadventure/scripting-api-extra": "npm:undefined@*"
      }
    },
    "node_modules/@workadventure/scripting-api-extra": {}
  },
  "dependencies": {
    "@workadventure/scripting-api-extra": {}
  }
}
